
Microsoft Visual Studio Solution File, Format Version 12.00
# Visual Studio Version 16
VisualStudioVersion = 16.0.33027.164
MinimumVisualStudioVersion = 10.0.40219.1
Project("{FAE04EC0-301F-11D3-BF4B-00C04F79EFBC}") = "SignalRServerExample", "SignalRServerExample\SignalRServerExample.csproj", "{7D91480E-7DBF-4A06-B3BA-EA79735A1900}"
EndProject
Global
	GlobalSection(SolutionConfigurationPlatforms) = preSolution
		Debug|Any CPU = Debug|Any CPU
		Release|Any CPU = Release|Any CPU
	EndGlobalSection
	GlobalSection(ProjectConfigurationPlatforms) = postSolution
		{7D91480E-7DBF-4A06-B3BA-EA79735A1900}.Debug|Any CPU.ActiveCfg = Debug|Any CPU
		{7D91480E-7DBF-4A06-B3BA-EA79735A1900}.Debug|Any CPU.Build.0 = Debug|Any CPU
		{7D91480E-7DBF-4A06-B3BA-EA79735A1900}.Release|Any CPU.ActiveCfg = Release|Any CPU
		{7D91480E-7DBF-4A06-B3BA-EA79735A1900}.Release|Any CPU.Build.0 = Release|Any CPU
	EndGlobalSection
	GlobalSection(SolutionProperties) = preSolution
		HideSolutionNode = FALSE
	EndGlobalSection
	GlobalSection(ExtensibilityGlobals) = postSolution
		SolutionGuid = {4B2D51B7-6313-44EC-8716-D2B4CA2DE71B}
	EndGlobalSection
EndGlobal
